
Microsoft Visual Studio Solution File, Format Version 12.00
# Visual Studio 2013
VisualStudioVersion = 12.0.31101.0
MinimumVisualStudioVersion = 10.0.40219.1
Project("{FAE04EC0-301F-11D3-BF4B-00C04F79EFBC}") = "Calculator_MVVM", "MVVM_Sample\Calculator_MVVM.csproj", "{F9825A3F-B54A-41B7-A87B-5F11A5D81692}"
EndProject
Project("{FAE04EC0-301F-11D3-BF4B-00C04F79EFBC}") = "Calculator_Event", "Calcurator_Event\Calculator_Event.csproj", "{6216C525-D8CD-4ACC-826B-EE5CC4654388}"
EndProject
Global
	GlobalSection(SolutionConfigurationPlatforms) = preSolution
		Debug|Any CPU = Debug|Any CPU
		Release|Any CPU = Release|Any CPU
	EndGlobalSection
	GlobalSection(ProjectConfigurationPlatforms) = postSolution
		{F9825A3F-B54A-41B7-A87B-5F11A5D81692}.Debug|Any CPU.ActiveCfg = Debug|Any CPU
		{F9825A3F-B54A-41B7-A87B-5F11A5D81692}.Debug|Any CPU.Build.0 = Debug|Any CPU
		{F9825A3F-B54A-41B7-A87B-5F11A5D81692}.Release|Any CPU.ActiveCfg = Release|Any CPU
		{F9825A3F-B54A-41B7-A87B-5F11A5D81692}.Release|Any CPU.Build.0 = Release|Any CPU
		{6216C525-D8CD-4ACC-826B-EE5CC4654388}.Debug|Any CPU.ActiveCfg = Debug|Any CPU
		{6216C525-D8CD-4ACC-826B-EE5CC4654388}.Debug|Any CPU.Build.0 = Debug|Any CPU
		{6216C525-D8CD-4ACC-826B-EE5CC4654388}.Release|Any CPU.ActiveCfg = Release|Any CPU
		{6216C525-D8CD-4ACC-826B-EE5CC4654388}.Release|Any CPU.Build.0 = Release|Any CPU
	EndGlobalSection
	GlobalSection(SolutionProperties) = preSolution
		HideSolutionNode = FALSE
	EndGlobalSection
EndGlobal
